
Microsoft Visual Studio Solution File, Format Version 12.00
# Visual Studio Version 16
VisualStudioVersion = 16.0.30320.27
MinimumVisualStudioVersion = 10.0.40219.1
Project("{FAE04EC0-301F-11D3-BF4B-00C04F79EFBC}") = "TimeTableManagmentSystem", "TimeTableManagmentSystem.csproj", "{BF5DDF5B-04BA-46EF-BAB7-70BB372FB6C8}"
EndProject
Project("{54435603-DBB4-11D2-8724-00A0C9A8B90C}") = "TimeTableManagemntSetUp", "TimeTableManagemntSetUp\TimeTableManagemntSetUp.vdproj", "{F169893A-5937-470A-9490-82F98B42C0D9}"
EndProject
Global
	GlobalSection(SolutionConfigurationPlatforms) = preSolution
		Debug|Any CPU = Debug|Any CPU
		Release|Any CPU = Release|Any CPU
	EndGlobalSection
	GlobalSection(ProjectConfigurationPlatforms) = postSolution
		{BF5DDF5B-04BA-46EF-BAB7-70BB372FB6C8}.Debug|Any CPU.ActiveCfg = Debug|Any CPU
		{BF5DDF5B-04BA-46EF-BAB7-70BB372FB6C8}.Debug|Any CPU.Build.0 = Debug|Any CPU
		{BF5DDF5B-04BA-46EF-BAB7-70BB372FB6C8}.Release|Any CPU.ActiveCfg = Release|Any CPU
		{BF5DDF5B-04BA-46EF-BAB7-70BB372FB6C8}.Release|Any CPU.Build.0 = Release|Any CPU
		{F169893A-5937-470A-9490-82F98B42C0D9}.Debug|Any CPU.ActiveCfg = Debug
		{F169893A-5937-470A-9490-82F98B42C0D9}.Release|Any CPU.ActiveCfg = Release
	EndGlobalSection
	GlobalSection(SolutionProperties) = preSolution
		HideSolutionNode = FALSE
	EndGlobalSection
	GlobalSection(ExtensibilityGlobals) = postSolution
		SolutionGuid = {DE3B053A-6F51-45D6-A391-50243FEC00E5}
	EndGlobalSection
EndGlobal
